
Microsoft Visual Studio Solution File, Format Version 12.00
# Visual Studio Version 17
VisualStudioVersion = 17.5.33502.453
MinimumVisualStudioVersion = 10.0.40219.1
Project("{FAE04EC0-301F-11D3-BF4B-00C04F79EFBC}") = "FrieghtTakers", "FrieghtTakers\FrieghtTakers.csproj", "{68679391-D6AB-495C-B021-0BF88CFFA700}"
EndProject
Global
	GlobalSection(SolutionConfigurationPlatforms) = preSolution
		Debug|Any CPU = Debug|Any CPU
		Release|Any CPU = Release|Any CPU
	EndGlobalSection
	GlobalSection(ProjectConfigurationPlatforms) = postSolution
		{68679391-D6AB-495C-B021-0BF88CFFA700}.Debug|Any CPU.ActiveCfg = Debug|Any CPU
		{68679391-D6AB-495C-B021-0BF88CFFA700}.Debug|Any CPU.Build.0 = Debug|Any CPU
		{68679391-D6AB-495C-B021-0BF88CFFA700}.Release|Any CPU.ActiveCfg = Release|Any CPU
		{68679391-D6AB-495C-B021-0BF88CFFA700}.Release|Any CPU.Build.0 = Release|Any CPU
	EndGlobalSection
	GlobalSection(SolutionProperties) = preSolution
		HideSolutionNode = FALSE
	EndGlobalSection
	GlobalSection(ExtensibilityGlobals) = postSolution
		SolutionGuid = {4A46E7D3-EEA3-4DED-91D0-F3262F875C1B}
	EndGlobalSection
EndGlobal
